# THIS IS AN AUTOGENERATED FILE. DO NOT EDIT THIS FILE DIRECTLY.
# yarn lockfile v1


"@framer/framer.device-hand-iphone-1@^1.0.0":
  version "1.0.0"
  resolved "https://registry.framer.com/@framer/framer.device-hand-iphone-1/-/@framer/framer.device-hand-iphone-1-1.0.0.tgz#0fbfd5313694b8834b91b138c9a961e59cfea1fd"
  integrity sha512-Ed19vZ83g7h27/HBTnLddyBtO8pY6KcrqoSmeGPJYnnWltFgrbS+QWzLo12UQqnHjcK0efyniWoT7H73qhJYUQ==

"@framer/framer.device-hand-iphone-2@^1.0.0":
  version "1.0.0"
  resolved "https://registry.framer.com/@framer/framer.device-hand-iphone-2/-/@framer/framer.device-hand-iphone-2-1.0.0.tgz#201c6b49236e837f931d0240cb434e396151d4f0"
  integrity sha512-5EX3fF8B0t419kRFa0/NpHbmV/ffrH4bB1/0neoGUixea4VQ2ZX1RdAL/xq8QWTGDgaHGDKnrW39cOl8GIhFTA==

"@framer/framer.device-skin-google-pixel-2-kinda-blue@^1.0.0":
  version "1.0.0"
  resolved "https://registry.framer.com/@framer/framer.device-skin-google-pixel-2-kinda-blue/-/@framer/framer.device-skin-google-pixel-2-kinda-blue-1.0.0.tgz#cf383b0d211502e6493ca5bdb53cd8ac1c3dd430"
  integrity sha512-nn/Kt5mR2VuboWMdORLsDQ93H9QC1pK3CGc9fk3xAMoEP5PMqV4TeQHD/d1xMk+p4bDGwZQRtbzEKL0Ek5d+lA==

"@framer/unsplash.unsplash@^1.0.0":
  version "1.0.0"
  resolved "https://registry.framer.com/@framer/unsplash.unsplash/-/@framer/unsplash.unsplash-1.0.0.tgz#ba5a419cd405a6d2bf7ee81bd760cdbe935de630"
  integrity sha1-ulpBnNQFptK/fugb12DNvpNd5jA=

"@types/prop-types@*":
  version "15.7.0"
  resolved "https://registry.yarnpkg.com/@types/prop-types/-/prop-types-15.7.0.tgz#4c48fed958d6dcf9487195a0ef6456d5f6e0163a"
  integrity sha512-eItQyV43bj4rR3JPV0Skpl1SncRCdziTEK9/v8VwXmV6d/qOUO8/EuWeHBbCZcsfSHfzI5UyMJLCSXtxxznyZg==

"@types/react@^16.8":
  version "16.8.4"
  resolved "https://registry.yarnpkg.com/@types/react/-/react-16.8.4.tgz#134307f5266e866d5e7c25e47f31f9abd5b2ea34"
  integrity sha512-Mpz1NNMJvrjf0GcDqiK8+YeOydXfD8Mgag3UtqQ5lXYTsMnOiHcKmO48LiSWMb1rSHB9MV/jlgyNzeAVxWMZRQ==
  dependencies:
    "@types/prop-types" "*"
    csstype "^2.2.0"

csstype@^2.2.0:
  version "2.6.1"
  resolved "https://registry.yarnpkg.com/csstype/-/csstype-2.6.1.tgz#4cfbf637a577497036ebcd7e32647ef19a0b8076"
  integrity sha512-wv7IRqCGsL7WGKB8gPvrl+++HlFM9kxAM6jL1EXNPNTshEJYilMkbfS2SnuHha77uosp/YVK0wAp2jmlBzn1tg==
